
Microsoft Visual Studio Solution File, Format Version 12.00
# Visual Studio 15
VisualStudioVersion = 15.0.28010.2003
MinimumVisualStudioVersion = 10.0.40219.1
Project("{FAE04EC0-301F-11D3-BF4B-00C04F79EFBC}") = "Parallelogram", "Parallelogram\Parallelogram.csproj", "{BA2A30DA-5F8E-4401-9028-20880CB0A89F}"
EndProject
Global
	GlobalSection(SolutionConfigurationPlatforms) = preSolution
		Debug|Any CPU = Debug|Any CPU
		Release|Any CPU = Release|Any CPU
	EndGlobalSection
	GlobalSection(ProjectConfigurationPlatforms) = postSolution
		{BA2A30DA-5F8E-4401-9028-20880CB0A89F}.Debug|Any CPU.ActiveCfg = Debug|Any CPU
		{BA2A30DA-5F8E-4401-9028-20880CB0A89F}.Debug|Any CPU.Build.0 = Debug|Any CPU
		{BA2A30DA-5F8E-4401-9028-20880CB0A89F}.Release|Any CPU.ActiveCfg = Release|Any CPU
		{BA2A30DA-5F8E-4401-9028-20880CB0A89F}.Release|Any CPU.Build.0 = Release|Any CPU
	EndGlobalSection
	GlobalSection(SolutionProperties) = preSolution
		HideSolutionNode = FALSE
	EndGlobalSection
	GlobalSection(ExtensibilityGlobals) = postSolution
		SolutionGuid = {958E7290-11B3-4D48-98F5-654AB78B9A81}
	EndGlobalSection
EndGlobal
